{
  "name": "insector-react-mvc",
  "version": "0.2.2",
  "lockfileVersion": 1,
  "requires": true,
  "dependencies": {
    "element-controller": {
      "version": "0.2.0",
      "resolved": "https://registry.npmjs.org/element-controller/-/element-controller-0.2.0.tgz",
      "integrity": "sha512-d8/7lDSuHIxAQ/zZz+BBZvQzdAwYdaFUjrTmkdVyhS1WWRXN1VtVECMUfzZ6HZCSQbivR3mfiFUZFiQ/IO8y4Q==",
      "requires": {
        "resolve-handlers": "^0.2.0"
      }
    },
    "resolve-handlers": {
      "version": "0.2.0",
      "resolved": "https://registry.npmjs.org/resolve-handlers/-/resolve-handlers-0.2.0.tgz",
      "integrity": "sha512-LwXxXRGoqDW09RfEgKvVeyu99sTVcxG5kcfRSCimm5eBj9bcRt05yGTC9TaQn1EXgebYgZbV98Fazfedz6zjkg=="
    }
  }
}
