{
  "name": "insector-react-mvc",
  "version": "0.2.0",
  "lockfileVersion": 1,
  "requires": true,
  "dependencies": {
    "element-controller": {
      "version": "0.1.5",
      "resolved": "https://registry.npmjs.org/element-controller/-/element-controller-0.1.5.tgz",
      "integrity": "sha512-p562x6dG7Iyam+MNFXxPRL5vlwY4nbQ4wJTUzhrLDOGtY4+4tR7v44XFe55Gv3xHugmIYXp4rv2RNaKyRDcoAA==",
      "requires": {
        "resolve-handlers": "0.1.3"
      }
    },
    "resolve-handlers": {
      "version": "0.1.3",
      "resolved": "https://registry.npmjs.org/resolve-handlers/-/resolve-handlers-0.1.3.tgz",
      "integrity": "sha512-cMrvL3XxY7NZ05BbAAFL0z+vogQtFEcFaEB5LJqox5Qrjkc88PAR2zDG/NYuKR1PHchXLm1XQgLzjnjN7StvIg=="
    }
  }
}
